
Microsoft Visual Studio Solution File, Format Version 12.00
# Visual Studio Version 17
VisualStudioVersion = 17.11.35327.3
MinimumVisualStudioVersion = 10.0.40219.1
Project("{9A19103F-16F7-4668-BE54-9A1E7A4F7556}") = "LanchesDoTioAPI", "LanchesDoTioAPI\LanchesDoTioAPI.csproj", "{20FFFB5C-C020-4650-9113-441AE6A2E784}"
EndProject
Project("{FAE04EC0-301F-11D3-BF4B-00C04F79EFBC}") = "LanchesDoTioTests", "LanchesDoTioTests\LanchesDoTioTests.csproj", "{FDF97C0A-41B6-4855-8103-7A77858D211E}"
EndProject
Global
	GlobalSection(SolutionConfigurationPlatforms) = preSolution
		Debug|Any CPU = Debug|Any CPU
		Release|Any CPU = Release|Any CPU
	EndGlobalSection
	GlobalSection(ProjectConfigurationPlatforms) = postSolution
		{20FFFB5C-C020-4650-9113-441AE6A2E784}.Debug|Any CPU.ActiveCfg = Debug|Any CPU
		{20FFFB5C-C020-4650-9113-441AE6A2E784}.Debug|Any CPU.Build.0 = Debug|Any CPU
		{20FFFB5C-C020-4650-9113-441AE6A2E784}.Release|Any CPU.ActiveCfg = Release|Any CPU
		{20FFFB5C-C020-4650-9113-441AE6A2E784}.Release|Any CPU.Build.0 = Release|Any CPU
		{FDF97C0A-41B6-4855-8103-7A77858D211E}.Debug|Any CPU.ActiveCfg = Debug|Any CPU
		{FDF97C0A-41B6-4855-8103-7A77858D211E}.Debug|Any CPU.Build.0 = Debug|Any CPU
		{FDF97C0A-41B6-4855-8103-7A77858D211E}.Release|Any CPU.ActiveCfg = Release|Any CPU
		{FDF97C0A-41B6-4855-8103-7A77858D211E}.Release|Any CPU.Build.0 = Release|Any CPU
	EndGlobalSection
	GlobalSection(SolutionProperties) = preSolution
		HideSolutionNode = FALSE
	EndGlobalSection
	GlobalSection(ExtensibilityGlobals) = postSolution
		SolutionGuid = {98E0B85E-8387-4C8F-A96E-4A75326F992C}
	EndGlobalSection
EndGlobal
