
Microsoft Visual Studio Solution File, Format Version 12.00
# Visual Studio Version 17
VisualStudioVersion = 17.11.35327.3
MinimumVisualStudioVersion = 10.0.40219.1
Project("{FAE04EC0-301F-11D3-BF4B-00C04F79EFBC}") = "LanchesDoTioAPI", "LanchesDoTioAPI.csproj", "{3526240C-5FDF-4EC7-B256-04FF9E608533}"
EndProject
Global
	GlobalSection(SolutionConfigurationPlatforms) = preSolution
		Debug|Any CPU = Debug|Any CPU
		Release|Any CPU = Release|Any CPU
	EndGlobalSection
	GlobalSection(ProjectConfigurationPlatforms) = postSolution
		{3526240C-5FDF-4EC7-B256-04FF9E608533}.Debug|Any CPU.ActiveCfg = Debug|Any CPU
		{3526240C-5FDF-4EC7-B256-04FF9E608533}.Debug|Any CPU.Build.0 = Debug|Any CPU
		{3526240C-5FDF-4EC7-B256-04FF9E608533}.Release|Any CPU.ActiveCfg = Release|Any CPU
		{3526240C-5FDF-4EC7-B256-04FF9E608533}.Release|Any CPU.Build.0 = Release|Any CPU
	EndGlobalSection
	GlobalSection(SolutionProperties) = preSolution
		HideSolutionNode = FALSE
	EndGlobalSection
	GlobalSection(ExtensibilityGlobals) = postSolution
		SolutionGuid = {98E0B85E-8387-4C8F-A96E-4A75326F992C}
	EndGlobalSection
EndGlobal
